
Microsoft Visual Studio Solution File, Format Version 12.00
# Visual Studio 2013
VisualStudioVersion = 12.0.30501.0
MinimumVisualStudioVersion = 10.0.40219.1
Project("{FAE04EC0-301F-11D3-BF4B-00C04F79EFBC}") = "NerdDinner", "NerdDinner\NerdDinner.csproj", "{9D81BAD1-9186-462F-BAAD-F84113E505BE}"
EndProject
Project("{FAE04EC0-301F-11D3-BF4B-00C04F79EFBC}") = "NerdDinner.Tests", "NerdDinner.Tests\NerdDinner.Tests.csproj", "{BE29A31D-9FEE-470A-9273-DE1AE00C4BCB}"
EndProject
Global
	GlobalSection(SolutionConfigurationPlatforms) = preSolution
		Debug|Any CPU = Debug|Any CPU
		Release|Any CPU = Release|Any CPU
	EndGlobalSection
	GlobalSection(ProjectConfigurationPlatforms) = postSolution
		{9D81BAD1-9186-462F-BAAD-F84113E505BE}.Debug|Any CPU.ActiveCfg = Debug|Any CPU
		{9D81BAD1-9186-462F-BAAD-F84113E505BE}.Debug|Any CPU.Build.0 = Debug|Any CPU
		{9D81BAD1-9186-462F-BAAD-F84113E505BE}.Release|Any CPU.ActiveCfg = Release|Any CPU
		{9D81BAD1-9186-462F-BAAD-F84113E505BE}.Release|Any CPU.Build.0 = Release|Any CPU
		{BE29A31D-9FEE-470A-9273-DE1AE00C4BCB}.Debug|Any CPU.ActiveCfg = Debug|Any CPU
		{BE29A31D-9FEE-470A-9273-DE1AE00C4BCB}.Debug|Any CPU.Build.0 = Debug|Any CPU
		{BE29A31D-9FEE-470A-9273-DE1AE00C4BCB}.Release|Any CPU.ActiveCfg = Release|Any CPU
		{BE29A31D-9FEE-470A-9273-DE1AE00C4BCB}.Release|Any CPU.Build.0 = Release|Any CPU
	EndGlobalSection
	GlobalSection(SolutionProperties) = preSolution
		HideSolutionNode = FALSE
	EndGlobalSection
EndGlobal
